{
  "name": "@material/react-chips",
  "version": "0.12.0",
  "lockfileVersion": 1,
  "requires": true,
  "dependencies": {
    "@material/animation": {
      "version": "1.0.0",
      "resolved": "https://registry.npmjs.org/@material/animation/-/animation-1.0.0.tgz",
      "integrity": "sha512-Ed5/vggn6ZhSJ87yn3ZS1d826VJNFz73jHF2bSsgRtHDoB8KCuOwQMfdgAgDa4lKDF6CDIPCKBZPKrs2ubehdw==",
      "requires": {
        "tslib": "^1.9.3"
      }
    },
    "@material/base": {
      "version": "1.0.0",
      "resolved": "https://registry.npmjs.org/@material/base/-/base-1.0.0.tgz",
      "integrity": "sha512-5dxFp46x5FA+Epg6YHLzN+5zRt9S2wR84UdvVAEJ1egea94m9UHUg7y9tAnNSN16aexRSywmzyLwPr+i8PGEYA==",
      "requires": {
        "tslib": "^1.9.3"
      }
    },
    "@material/checkbox": {
      "version": "1.1.0",
      "resolved": "https://registry.npmjs.org/@material/checkbox/-/checkbox-1.1.0.tgz",
      "integrity": "sha512-jCrkG8VkN63uH+YRhu7RWIsrYGw2Gu89OEPe+sqGYWsr+BbOuzBBqxrM09rUkXykCyi8gAbxpWZPVGCmcDHtJQ==",
      "requires": {
        "@material/animation": "^1.0.0",
        "@material/base": "^1.0.0",
        "@material/dom": "^1.1.0",
        "@material/feature-targeting": "^0.44.1",
        "@material/ripple": "^1.1.0",
        "@material/rtl": "^0.42.0",
        "@material/theme": "^1.1.0",
        "tslib": "^1.9.3"
      }
    },
    "@material/chips": {
      "version": "1.1.1",
      "resolved": "https://registry.npmjs.org/@material/chips/-/chips-1.1.1.tgz",
      "integrity": "sha512-ftpYba7+qEeRWCU9xSHJmkD6UXHo/UQEfqBcH96nt7QTa+ZIyyzcu64lc3OpFgLM8RnugyaAWlJ7i5w510YRiw==",
      "requires": {
        "@material/animation": "^1.0.0",
        "@material/base": "^1.0.0",
        "@material/checkbox": "^1.1.0",
        "@material/elevation": "^1.1.0",
        "@material/ripple": "^1.1.0",
        "@material/shape": "^1.1.1",
        "@material/theme": "^1.1.0",
        "@material/typography": "^1.0.0",
        "tslib": "^1.9.3"
      }
    },
    "@material/dom": {
      "version": "1.1.0",
      "resolved": "https://registry.npmjs.org/@material/dom/-/dom-1.1.0.tgz",
      "integrity": "sha512-+HWW38ZaM2UBPu4+7QCusLDSf4tFT31rsEXHkTkxYSg/QpDivfPx6YDz4OmYtafmhPR1d1YjqB3MYysUHdodyw==",
      "requires": {
        "tslib": "^1.9.3"
      }
    },
    "@material/elevation": {
      "version": "1.1.0",
      "resolved": "https://registry.npmjs.org/@material/elevation/-/elevation-1.1.0.tgz",
      "integrity": "sha512-m4eATJvDhWK1BT+yA1iHz5mhAk8cV9olC4mjVzm4PTAqhDH2yya4WzjN1HPVHE/a65ObyZ7V4qopxu9MRocm3A==",
      "requires": {
        "@material/animation": "^1.0.0",
        "@material/feature-targeting": "^0.44.1",
        "@material/theme": "^1.1.0"
      }
    },
    "@material/feature-targeting": {
      "version": "0.44.1",
      "resolved": "https://registry.npmjs.org/@material/feature-targeting/-/feature-targeting-0.44.1.tgz",
      "integrity": "sha512-90cc7njn4aHbH9UxY8qgZth1W5JgOgcEdWdubH1t7sFkwqFxS5g3zgxSBt46TygFBVIXNZNq35Xmg80wgqO7Pg=="
    },
    "@material/react-ripple": {
      "version": "0.12.0",
      "requires": {
        "@material/dom": "^1.0.0",
        "@material/ripple": "^1.0.0",
        "classnames": "^2.2.6",
        "react": "^16.4.2",
        "utility-types": "^3.2.1"
      }
    },
    "@material/ripple": {
      "version": "1.1.0",
      "resolved": "https://registry.npmjs.org/@material/ripple/-/ripple-1.1.0.tgz",
      "integrity": "sha512-mkfDBZAmxjpRG7V9TrfOmLxt1g/wvGHCXtYPgvH7W8ozjf53edqxLOFENEdvHbie27y9nyixzXn0gzU0HnxSeA==",
      "requires": {
        "@material/animation": "^1.0.0",
        "@material/base": "^1.0.0",
        "@material/dom": "^1.1.0",
        "@material/feature-targeting": "^0.44.1",
        "@material/theme": "^1.1.0",
        "tslib": "^1.9.3"
      }
    },
    "@material/rtl": {
      "version": "0.42.0",
      "resolved": "https://registry.npmjs.org/@material/rtl/-/rtl-0.42.0.tgz",
      "integrity": "sha512-VrnrKJzhmspsN8WXHuxxBZ69yM5IwhCUqWr1t1eNfw3ZEvEj7i1g3P31HGowKThIN1dc1Wh4LE14rCISWCtv5w=="
    },
    "@material/shape": {
      "version": "1.1.1",
      "resolved": "https://registry.npmjs.org/@material/shape/-/shape-1.1.1.tgz",
      "integrity": "sha512-Jge/h1XBLjdLlam4QMSzVgM99e/N8+elQROPkltqVP7eyLc17BwM3aP5cLVfZDgrJgvsjUxbgAP1H1j8sqmUyg==",
      "requires": {
        "@material/feature-targeting": "^0.44.1"
      }
    },
    "@material/theme": {
      "version": "1.1.0",
      "resolved": "https://registry.npmjs.org/@material/theme/-/theme-1.1.0.tgz",
      "integrity": "sha512-YYUV9Rhbx4r/EMb/zoOYJUWjhXChNaLlH1rqt3vpNVyxRcxGqoVMGp5u1XALBCFiD9dACPKLIkKyRYa928nmPQ==",
      "requires": {
        "@material/feature-targeting": "^0.44.1"
      }
    },
    "@material/typography": {
      "version": "1.0.0",
      "resolved": "https://registry.npmjs.org/@material/typography/-/typography-1.0.0.tgz",
      "integrity": "sha512-Oeqbjci1cC7jTE8/n3dwnkqKe9ZeWiaE+rgMtRYtRFw1HvAw14SpGA5EEAS/Li2Hu2KZ50FYCe3HYqShfxtChA==",
      "requires": {
        "@material/feature-targeting": "^0.44.1"
      }
    },
    "@types/prop-types": {
      "version": "15.7.1",
      "resolved": "https://registry.npmjs.org/@types/prop-types/-/prop-types-15.7.1.tgz",
      "integrity": "sha512-CFzn9idOEpHrgdw8JsoTkaDDyRWk1jrzIV8djzcgpq0y9tG4B4lFT+Nxh52DVpDXV+n4+NPNv7M1Dj5uMp6XFg==",
      "dev": true
    },
    "@types/react": {
      "version": "16.8.18",
      "resolved": "https://registry.npmjs.org/@types/react/-/react-16.8.18.tgz",
      "integrity": "sha512-lUXdKzRqWR4FebR5tGHkLCqnvQJS4fdXKCBrNGGbglqZg2gpU+J82pMONevQODUotATs9fc9k66bx3/St8vReg==",
      "dev": true,
      "requires": {
        "@types/prop-types": "*",
        "csstype": "^2.2.0"
      }
    },
    "@types/react-is": {
      "version": "16.7.1",
      "resolved": "https://registry.npmjs.org/@types/react-is/-/react-is-16.7.1.tgz",
      "integrity": "sha512-dMLFD2cCsxtDgMkTydQCM0PxDq8vwc6uN5M/jRktDfYvH3nQj6pjC9OrCXS2lKlYoYTNJorI/dI8x9dpLshexQ==",
      "dev": true,
      "requires": {
        "@types/react": "*"
      }
    },
    "classnames": {
      "version": "2.2.6",
      "resolved": "https://registry.npmjs.org/classnames/-/classnames-2.2.6.tgz",
      "integrity": "sha512-JR/iSQOSt+LQIWwrwEzJ9uk0xfN3mTVYMwt1Ir5mUcSN6pU+V4zQFFaJsclJbPuAUQH+yfWef6tm7l1quW3C8Q=="
    },
    "csstype": {
      "version": "2.6.4",
      "resolved": "https://registry.npmjs.org/csstype/-/csstype-2.6.4.tgz",
      "integrity": "sha512-lAJUJP3M6HxFXbqtGRc0iZrdyeN+WzOWeY0q/VnFzI+kqVrYIzC7bWlKqCW7oCIdzoPkvfp82EVvrTlQ8zsWQg==",
      "dev": true
    },
    "js-tokens": {
      "version": "4.0.0",
      "resolved": "https://registry.npmjs.org/js-tokens/-/js-tokens-4.0.0.tgz",
      "integrity": "sha512-RdJUflcE3cUzKiMqQgsCu06FPu9UdIJO0beYbPhHN4k6apgJtifcoCtT9bcxOpYBtpD2kCM6Sbzg4CausW/PKQ=="
    },
    "loose-envify": {
      "version": "1.4.0",
      "resolved": "https://registry.npmjs.org/loose-envify/-/loose-envify-1.4.0.tgz",
      "integrity": "sha512-lyuxPGr/Wfhrlem2CL/UcnUc1zcqKAImBDzukY7Y5F/yQiNdko6+fRLevlw1HgMySw7f611UIY408EtxRSoK3Q==",
      "requires": {
        "js-tokens": "^3.0.0 || ^4.0.0"
      }
    },
    "object-assign": {
      "version": "4.1.1",
      "resolved": "https://registry.npmjs.org/object-assign/-/object-assign-4.1.1.tgz",
      "integrity": "sha1-IQmtx5ZYh8/AXLvUQsrIv7s2CGM="
    },
    "prop-types": {
      "version": "15.6.2",
      "resolved": "https://registry.npmjs.org/prop-types/-/prop-types-15.6.2.tgz",
      "integrity": "sha512-3pboPvLiWD7dkI3qf3KbUe6hKFKa52w+AE0VCqECtf+QHAKgOL37tTaNCnuX1nAAQ4ZhyP+kYVKf8rLmJ/feDQ==",
      "requires": {
        "loose-envify": "^1.3.1",
        "object-assign": "^4.1.1"
      }
    },
    "react": {
      "version": "16.7.0",
      "resolved": "https://registry.npmjs.org/react/-/react-16.7.0.tgz",
      "integrity": "sha512-StCz3QY8lxTb5cl2HJxjwLFOXPIFQp+p+hxQfc8WE0QiLfCtIlKj8/+5tjjKm8uSTlAW+fCPaavGFS06V9Ar3A==",
      "requires": {
        "loose-envify": "^1.1.0",
        "object-assign": "^4.1.1",
        "prop-types": "^15.6.2",
        "scheduler": "^0.12.0"
      }
    },
    "react-is": {
      "version": "16.8.6",
      "resolved": "https://registry.npmjs.org/react-is/-/react-is-16.8.6.tgz",
      "integrity": "sha512-aUk3bHfZ2bRSVFFbbeVS4i+lNPZr3/WM5jT2J5omUVV1zzcs1nAaf3l51ctA5FFvCRbhrH0bdAsRRQddFJZPtA=="
    },
    "scheduler": {
      "version": "0.12.0",
      "resolved": "https://registry.npmjs.org/scheduler/-/scheduler-0.12.0.tgz",
      "integrity": "sha512-t7MBR28Akcp4Jm+QoR63XgAi9YgCUmgvDHqf5otgAj4QvdoBE4ImCX0ffehefePPG+aitiYHp0g/mW6s4Tp+dw==",
      "requires": {
        "loose-envify": "^1.1.0",
        "object-assign": "^4.1.1"
      }
    },
    "tslib": {
      "version": "1.9.3",
      "resolved": "https://registry.npmjs.org/tslib/-/tslib-1.9.3.tgz",
      "integrity": "sha512-4krF8scpejhaOgqzBEcGM7yDIEfi0/8+8zDRZhNZZ2kjmHJ4hv3zCbQWxoJGz1iw5U0Jl0nma13xzHXcncMavQ=="
    }
  }
}
