{
  "name": "@material/react-chips",
  "version": "0.0.0",
  "lockfileVersion": 1,
  "requires": true,
  "dependencies": {
    "@material/animation": {
      "version": "0.39.0",
      "resolved": "https://registry.npmjs.org/@material/animation/-/animation-0.39.0.tgz",
      "integrity": "sha512-f3BGCba0GdYY+eGFnK0L08HLyljgEyBvMLoJoutP225IpvzsLLTqumL/796nFCsouWn6E3G+8BUVjAtzTjU2lA=="
    },
    "@material/base": {
      "version": "0.35.0",
      "resolved": "https://registry.npmjs.org/@material/base/-/base-0.35.0.tgz",
      "integrity": "sha512-PYuluVzcH8hxtionVvpTSygTENlgyOHvJ5ka7JfbCRQfXlxjV8zKYwhh9u/1HqA6y1OonG1oGFCaBHopbdsNEQ=="
    },
    "@material/checkbox": {
      "version": "0.39.0",
      "resolved": "https://registry.npmjs.org/@material/checkbox/-/checkbox-0.39.0.tgz",
      "integrity": "sha512-y+iwhwIZ+Ndx/6j/l3HZbjAkUxx8jR8p7V1u3axXe8sXSUNAxE+nkaTAmxJ4SqvuGPaRCImlmR5AhHc2J6eDrw==",
      "requires": {
        "@material/animation": "^0.39.0",
        "@material/base": "^0.39.0",
        "@material/ripple": "^0.39.0",
        "@material/rtl": "^0.39.0",
        "@material/selection-control": "^0.39.0",
        "@material/theme": "^0.39.0"
      },
      "dependencies": {
        "@material/base": {
          "version": "0.39.0",
          "resolved": "https://registry.npmjs.org/@material/base/-/base-0.39.0.tgz",
          "integrity": "sha512-B+vMqnOR2JU2dzv/5UPKQUAZAj739pMkJkt3Zy7sJaQnw3j8wTKxiUMUhd9ZHaPx1FBlUNMn2PwOq8YZIn0svA=="
        },
        "@material/ripple": {
          "version": "0.39.0",
          "resolved": "https://registry.npmjs.org/@material/ripple/-/ripple-0.39.0.tgz",
          "integrity": "sha512-dw5xpB/pV32VoweiTv/Q6+V+iF1za0/UpMYOtrnP4tu39Z+aDpq6G0waFFWliqCLd1XLmOF8IOvqh/gqTEOIVQ==",
          "requires": {
            "@material/animation": "^0.39.0",
            "@material/base": "^0.39.0",
            "@material/theme": "^0.39.0"
          }
        },
        "@material/theme": {
          "version": "0.39.0",
          "resolved": "https://registry.npmjs.org/@material/theme/-/theme-0.39.0.tgz",
          "integrity": "sha512-i+/xTaYqOslX0DZ13dE9cwbEcqK7+FL2qgBmV6yBduIYsEsC0srxI3qCbvVV6CO0UIHrT+0vgMqtVZu0gjuFlA=="
        }
      }
    },
    "@material/chips": {
      "version": "0.39.0",
      "resolved": "https://registry.npmjs.org/@material/chips/-/chips-0.39.0.tgz",
      "integrity": "sha512-kJ0sY32q/x7f4P4GlhWyjDF7aPs4Qd28+ZafN3aP7g8+c77/SyC2GiJeTOEO0byiu4d0wqKFWHgZ8wyS4RZ5Yw==",
      "requires": {
        "@material/animation": "^0.39.0",
        "@material/base": "^0.39.0",
        "@material/checkbox": "^0.39.0",
        "@material/ripple": "^0.39.0",
        "@material/typography": "^0.39.0"
      },
      "dependencies": {
        "@material/base": {
          "version": "0.39.0",
          "resolved": "https://registry.npmjs.org/@material/base/-/base-0.39.0.tgz",
          "integrity": "sha512-B+vMqnOR2JU2dzv/5UPKQUAZAj739pMkJkt3Zy7sJaQnw3j8wTKxiUMUhd9ZHaPx1FBlUNMn2PwOq8YZIn0svA=="
        },
        "@material/ripple": {
          "version": "0.39.0",
          "resolved": "https://registry.npmjs.org/@material/ripple/-/ripple-0.39.0.tgz",
          "integrity": "sha512-dw5xpB/pV32VoweiTv/Q6+V+iF1za0/UpMYOtrnP4tu39Z+aDpq6G0waFFWliqCLd1XLmOF8IOvqh/gqTEOIVQ==",
          "requires": {
            "@material/animation": "^0.39.0",
            "@material/base": "^0.39.0",
            "@material/theme": "^0.39.0"
          }
        },
        "@material/theme": {
          "version": "0.39.0",
          "resolved": "https://registry.npmjs.org/@material/theme/-/theme-0.39.0.tgz",
          "integrity": "sha512-i+/xTaYqOslX0DZ13dE9cwbEcqK7+FL2qgBmV6yBduIYsEsC0srxI3qCbvVV6CO0UIHrT+0vgMqtVZu0gjuFlA=="
        }
      }
    },
    "@material/react-ripple": {
      "version": "0.2.0",
      "resolved": "https://registry.npmjs.org/@material/react-ripple/-/react-ripple-0.2.0.tgz",
      "integrity": "sha512-qfuPmWSyy1OPJoAsbRBimWmgV3ciST24eVtmWkQlp6VsV9CaZOHetJmHd1i4KFjSgZCxsITAPIXK8+X5OTGZMA==",
      "requires": {
        "@material/ripple": "^0.35.0",
        "classnames": "^2.2.5",
        "prop-types": "^15.6.1",
        "react": "^16.3.2"
      }
    },
    "@material/ripple": {
      "version": "0.35.0",
      "resolved": "https://registry.npmjs.org/@material/ripple/-/ripple-0.35.0.tgz",
      "integrity": "sha512-zc/yjZ1DC1rNPaGrH6XkU/S2hgq8qy+ibq4cg0I3G8dWZyI0rXnh7RVFGsEk66z0hvEzD/du2xWPH5dyShFW/A==",
      "requires": {
        "@material/base": "^0.35.0",
        "@material/theme": "^0.35.0"
      }
    },
    "@material/rtl": {
      "version": "0.39.0",
      "resolved": "https://registry.npmjs.org/@material/rtl/-/rtl-0.39.0.tgz",
      "integrity": "sha512-vBTUVpXvHlcGmvY+bYZvsyvMtBX2WWA7b9vUuvIFlT66j7/p0iI+AzibxRtqeRoyu7Puvp2MWu08ERQ3oQXblQ=="
    },
    "@material/selection-control": {
      "version": "0.39.0",
      "resolved": "https://registry.npmjs.org/@material/selection-control/-/selection-control-0.39.0.tgz",
      "integrity": "sha512-LECxCOoNDnFXceoAJYcOGrpg+bYhaXODk3mUzHJoe1+80vbTzMAJS9plWb+jsgx0ZxWvsKDROlB+ufwOM0k+pw==",
      "requires": {
        "@material/ripple": "^0.39.0"
      },
      "dependencies": {
        "@material/base": {
          "version": "0.39.0",
          "resolved": "https://registry.npmjs.org/@material/base/-/base-0.39.0.tgz",
          "integrity": "sha512-B+vMqnOR2JU2dzv/5UPKQUAZAj739pMkJkt3Zy7sJaQnw3j8wTKxiUMUhd9ZHaPx1FBlUNMn2PwOq8YZIn0svA=="
        },
        "@material/ripple": {
          "version": "0.39.0",
          "resolved": "https://registry.npmjs.org/@material/ripple/-/ripple-0.39.0.tgz",
          "integrity": "sha512-dw5xpB/pV32VoweiTv/Q6+V+iF1za0/UpMYOtrnP4tu39Z+aDpq6G0waFFWliqCLd1XLmOF8IOvqh/gqTEOIVQ==",
          "requires": {
            "@material/animation": "^0.39.0",
            "@material/base": "^0.39.0",
            "@material/theme": "^0.39.0"
          }
        },
        "@material/theme": {
          "version": "0.39.0",
          "resolved": "https://registry.npmjs.org/@material/theme/-/theme-0.39.0.tgz",
          "integrity": "sha512-i+/xTaYqOslX0DZ13dE9cwbEcqK7+FL2qgBmV6yBduIYsEsC0srxI3qCbvVV6CO0UIHrT+0vgMqtVZu0gjuFlA=="
        }
      }
    },
    "@material/theme": {
      "version": "0.35.0",
      "resolved": "https://registry.npmjs.org/@material/theme/-/theme-0.35.0.tgz",
      "integrity": "sha512-jTjRDPKlWVCNnSs4RRe/eq9+F5lFBzxfbuI7klgCR6jTXRMB93jKKKO7k6chgo9l0oObhLh81ao6sq/eV0WFIw=="
    },
    "@material/typography": {
      "version": "0.39.0",
      "resolved": "https://registry.npmjs.org/@material/typography/-/typography-0.39.0.tgz",
      "integrity": "sha512-S7YTR2mXuAaPvsgX6jyT1YvWQhH2xHWi+SKJvlunoF/Dw6vq6Ud+APmqigHVRPNCcFt4zkbM7C64IxYjjkIApQ=="
    },
    "asap": {
      "version": "2.0.6",
      "resolved": "https://registry.npmjs.org/asap/-/asap-2.0.6.tgz",
      "integrity": "sha1-5QNHYR1+aQlDIIu9r+vLwvuGbUY="
    },
    "classnames": {
      "version": "2.2.6",
      "resolved": "https://registry.npmjs.org/classnames/-/classnames-2.2.6.tgz",
      "integrity": "sha512-JR/iSQOSt+LQIWwrwEzJ9uk0xfN3mTVYMwt1Ir5mUcSN6pU+V4zQFFaJsclJbPuAUQH+yfWef6tm7l1quW3C8Q=="
    },
    "core-js": {
      "version": "1.2.7",
      "resolved": "https://registry.npmjs.org/core-js/-/core-js-1.2.7.tgz",
      "integrity": "sha1-ZSKUwUZR2yj6k70tX/KYOk8IxjY="
    },
    "encoding": {
      "version": "0.1.12",
      "resolved": "https://registry.npmjs.org/encoding/-/encoding-0.1.12.tgz",
      "integrity": "sha1-U4tm8+5izRq1HsMjgp0flIDHS+s=",
      "requires": {
        "iconv-lite": "~0.4.13"
      }
    },
    "fbjs": {
      "version": "0.8.17",
      "resolved": "https://registry.npmjs.org/fbjs/-/fbjs-0.8.17.tgz",
      "integrity": "sha1-xNWY6taUkRJlPWWIsBpc3Nn5D90=",
      "requires": {
        "core-js": "^1.0.0",
        "isomorphic-fetch": "^2.1.1",
        "loose-envify": "^1.0.0",
        "object-assign": "^4.1.0",
        "promise": "^7.1.1",
        "setimmediate": "^1.0.5",
        "ua-parser-js": "^0.7.18"
      }
    },
    "iconv-lite": {
      "version": "0.4.23",
      "resolved": "https://registry.npmjs.org/iconv-lite/-/iconv-lite-0.4.23.tgz",
      "integrity": "sha512-neyTUVFtahjf0mB3dZT77u+8O0QB89jFdnBkd5P1JgYPbPaia3gXXOVL2fq8VyU2gMMD7SaN7QukTB/pmXYvDA==",
      "requires": {
        "safer-buffer": ">= 2.1.2 < 3"
      }
    },
    "is-stream": {
      "version": "1.1.0",
      "resolved": "https://registry.npmjs.org/is-stream/-/is-stream-1.1.0.tgz",
      "integrity": "sha1-EtSj3U5o4Lec6428hBc66A2RykQ="
    },
    "isomorphic-fetch": {
      "version": "2.2.1",
      "resolved": "https://registry.npmjs.org/isomorphic-fetch/-/isomorphic-fetch-2.2.1.tgz",
      "integrity": "sha1-YRrhrPFPXoH3KVB0coGf6XM1WKk=",
      "requires": {
        "node-fetch": "^1.0.1",
        "whatwg-fetch": ">=0.10.0"
      }
    },
    "js-tokens": {
      "version": "3.0.2",
      "resolved": "https://registry.npmjs.org/js-tokens/-/js-tokens-3.0.2.tgz",
      "integrity": "sha1-mGbfOVECEw449/mWvOtlRDIJwls="
    },
    "loose-envify": {
      "version": "1.3.1",
      "resolved": "https://registry.npmjs.org/loose-envify/-/loose-envify-1.3.1.tgz",
      "integrity": "sha1-0aitM/qc4OcT1l/dCsi3SNR4yEg=",
      "requires": {
        "js-tokens": "^3.0.0"
      }
    },
    "node-fetch": {
      "version": "1.7.3",
      "resolved": "https://registry.npmjs.org/node-fetch/-/node-fetch-1.7.3.tgz",
      "integrity": "sha512-NhZ4CsKx7cYm2vSrBAr2PvFOe6sWDf0UYLRqA6svUYg7+/TSfVAu49jYC4BvQ4Sms9SZgdqGBgroqfDhJdTyKQ==",
      "requires": {
        "encoding": "^0.1.11",
        "is-stream": "^1.0.1"
      }
    },
    "object-assign": {
      "version": "4.1.1",
      "resolved": "https://registry.npmjs.org/object-assign/-/object-assign-4.1.1.tgz",
      "integrity": "sha1-IQmtx5ZYh8/AXLvUQsrIv7s2CGM="
    },
    "promise": {
      "version": "7.3.1",
      "resolved": "https://registry.npmjs.org/promise/-/promise-7.3.1.tgz",
      "integrity": "sha512-nolQXZ/4L+bP/UGlkfaIujX9BKxGwmQ9OT4mOt5yvy8iK1h3wqTEJCijzGANTCCl9nWjY41juyAn2K3Q1hLLTg==",
      "requires": {
        "asap": "~2.0.3"
      }
    },
    "prop-types": {
      "version": "15.6.2",
      "resolved": "https://registry.npmjs.org/prop-types/-/prop-types-15.6.2.tgz",
      "integrity": "sha512-3pboPvLiWD7dkI3qf3KbUe6hKFKa52w+AE0VCqECtf+QHAKgOL37tTaNCnuX1nAAQ4ZhyP+kYVKf8rLmJ/feDQ==",
      "requires": {
        "loose-envify": "^1.3.1",
        "object-assign": "^4.1.1"
      }
    },
    "react": {
      "version": "16.4.2",
      "resolved": "https://registry.npmjs.org/react/-/react-16.4.2.tgz",
      "integrity": "sha512-dMv7YrbxO4y2aqnvA7f/ik9ibeLSHQJTI6TrYAenPSaQ6OXfb+Oti+oJiy8WBxgRzlKatYqtCjphTgDSCEiWFg==",
      "requires": {
        "fbjs": "^0.8.16",
        "loose-envify": "^1.1.0",
        "object-assign": "^4.1.1",
        "prop-types": "^15.6.0"
      }
    },
    "safer-buffer": {
      "version": "2.1.2",
      "resolved": "https://registry.npmjs.org/safer-buffer/-/safer-buffer-2.1.2.tgz",
      "integrity": "sha512-YZo3K82SD7Riyi0E1EQPojLz7kpepnSQI9IyPbHHg1XXXevb5dJI7tpyN2ADxGcQbHG7vcyRHk0cbwqcQriUtg=="
    },
    "setimmediate": {
      "version": "1.0.5",
      "resolved": "https://registry.npmjs.org/setimmediate/-/setimmediate-1.0.5.tgz",
      "integrity": "sha1-KQy7Iy4waULX1+qbg3Mqt4VvgoU="
    },
    "ua-parser-js": {
      "version": "0.7.18",
      "resolved": "https://registry.npmjs.org/ua-parser-js/-/ua-parser-js-0.7.18.tgz",
      "integrity": "sha512-LtzwHlVHwFGTptfNSgezHp7WUlwiqb0gA9AALRbKaERfxwJoiX0A73QbTToxteIAuIaFshhgIZfqK8s7clqgnA=="
    },
    "uuid": {
      "version": "3.3.2",
      "resolved": "https://registry.npmjs.org/uuid/-/uuid-3.3.2.tgz",
      "integrity": "sha512-yXJmeNaw3DnnKAOKJE51sL/ZaYfWJRl1pK9dr19YFCu0ObS231AB1/LbqTKRAQ5kw8A90rA6fr4riOUpTZvQZA==",
      "dev": true
    },
    "whatwg-fetch": {
      "version": "2.0.4",
      "resolved": "https://registry.npmjs.org/whatwg-fetch/-/whatwg-fetch-2.0.4.tgz",
      "integrity": "sha512-dcQ1GWpOD/eEQ97k66aiEVpNnapVj90/+R+SXTPYGHpYBBypfKJEQjLrvMZ7YXbKm21gXd4NcuxUTjiv1YtLng=="
    }
  }
}
