{
  "name": "@material/react-button",
  "version": "0.8.0",
  "lockfileVersion": 1,
  "requires": true,
  "dependencies": {
    "@material/animation": {
      "version": "0.41.0",
      "resolved": "https://registry.npmjs.org/@material/animation/-/animation-0.41.0.tgz",
      "integrity": "sha512-yYAwJbX3Q2AFd4dr6IYOsWLQy2HN8zWOFVl9AbUXunjzTfJCa/ecfXCriaT6qkmoNoHeTdJHRrsQJZC5GsPvzA=="
    },
    "@material/base": {
      "version": "0.41.0",
      "resolved": "https://registry.npmjs.org/@material/base/-/base-0.41.0.tgz",
      "integrity": "sha512-tEyzwBRu3d1H120SfKsDVYZHcqT5lKohh/7cWKR93aAaPDkSvjpKJIjyu2yuSkjpDduVZGzVocYbOvhUKhhzXQ=="
    },
    "@material/dialog": {
      "version": "0.43.0",
      "resolved": "https://registry.npmjs.org/@material/dialog/-/dialog-0.43.0.tgz",
      "integrity": "sha512-1WDYfzs7393Zj2BZyyix1NScUMHC+Je5gjXDTjNgmTJ54fC7izkbTeKtllczehnIOqRLPzwiWEtu4JWd+1SWgQ==",
      "requires": {
        "@material/animation": "^0.41.0",
        "@material/base": "^0.41.0",
        "@material/dom": "^0.41.0",
        "@material/elevation": "^0.43.0",
        "@material/ripple": "^0.43.0",
        "@material/rtl": "^0.42.0",
        "@material/shape": "^0.43.0",
        "@material/theme": "^0.43.0",
        "@material/typography": "^0.43.0",
        "focus-trap": "^4.0.2"
      }
    },
    "@material/dom": {
      "version": "0.41.0",
      "resolved": "https://registry.npmjs.org/@material/dom/-/dom-0.41.0.tgz",
      "integrity": "sha512-wOJrMwjPddYXpQFZAIaCLWI3TO/6KU1lxESTBzunni8A4FHQVWhokml5Xt85GqZwmPFeIF2s+D0wfbWyrGBuKQ=="
    },
    "@material/elevation": {
      "version": "0.43.0",
      "resolved": "https://registry.npmjs.org/@material/elevation/-/elevation-0.43.0.tgz",
      "integrity": "sha512-/OM+7HVS26hCa+AU0dfD/cdEkj2ssYNYIWwmqUVVJUIhB4v/xRsfnCf0Z1KXGtXU+V3AhHp8T9q5LHDzrkOvnA==",
      "requires": {
        "@material/animation": "^0.41.0",
        "@material/theme": "^0.43.0"
      }
    },
    "@material/ripple": {
      "version": "0.43.0",
      "resolved": "https://registry.npmjs.org/@material/ripple/-/ripple-0.43.0.tgz",
      "integrity": "sha512-5X5xJtE1tM5QYrsvIe5coZNk7nt++vi40CDBVxS2abO+83ky91I5mH/djcm0vcSFmkHM/QOymEQBR3XDjA3XXQ==",
      "requires": {
        "@material/animation": "^0.41.0",
        "@material/base": "^0.41.0",
        "@material/theme": "^0.43.0"
      }
    },
    "@material/rtl": {
      "version": "0.42.0",
      "resolved": "https://registry.npmjs.org/@material/rtl/-/rtl-0.42.0.tgz",
      "integrity": "sha512-VrnrKJzhmspsN8WXHuxxBZ69yM5IwhCUqWr1t1eNfw3ZEvEj7i1g3P31HGowKThIN1dc1Wh4LE14rCISWCtv5w=="
    },
    "@material/shape": {
      "version": "0.43.0",
      "resolved": "https://registry.npmjs.org/@material/shape/-/shape-0.43.0.tgz",
      "integrity": "sha512-KGnoQV4G2OQbMe5Lr5Xbk8XNlO93Qi/juxXtd2wrAfiaPmktD8ug0CwdVDOPBOmj9a0gX3Ofi9XWcoU+tLEVjg=="
    },
    "@material/theme": {
      "version": "0.43.0",
      "resolved": "https://registry.npmjs.org/@material/theme/-/theme-0.43.0.tgz",
      "integrity": "sha512-/zndZL6EihI18v2mYd4O8xvOBAAXmLeHyHVK28LozSAaJ9okQgD25wq5Ktk95oMTmPIC+rH66KcK6371ivNk8g=="
    },
    "@material/typography": {
      "version": "0.43.0",
      "resolved": "https://registry.npmjs.org/@material/typography/-/typography-0.43.0.tgz",
      "integrity": "sha512-WSg8vDoC2rnmOWbhNdDmSoT1jV0QQSw7CFps1DFbnIe57UaUxgWuGdhc+9XlEPctXUFto4FU4DfnRcdW4ydAig=="
    },
    "@types/material__base": {
      "version": "0.35.0",
      "resolved": "https://registry.npmjs.org/@types/material__base/-/material__base-0.35.0.tgz",
      "integrity": "sha512-B1FUXg67WgvGPn84NIqF/znECgchpISyDzyVifGk1CJ4grNLOzMWaZljWawscBh5RnRP3BujDUR29QG7zRWelw==",
      "dev": true
    },
    "@types/material__dialog": {
      "version": "0.35.0",
      "resolved": "https://registry.npmjs.org/@types/material__dialog/-/material__dialog-0.35.0.tgz",
      "integrity": "sha512-Oi1JWGhT0DolQVQ3npzpVagvMZ+jCVj3jR4pn+3w0XL9qu4Cp/fnkRs2gDDbrFd3YBULDYP3Q4nsoerJM2m5AA==",
      "dev": true,
      "requires": {
        "@types/material__base": "*"
      }
    },
    "focus-trap": {
      "version": "4.0.2",
      "resolved": "https://registry.npmjs.org/focus-trap/-/focus-trap-4.0.2.tgz",
      "integrity": "sha512-HtLjfAK7Hp2qbBtLS6wEznID1mPT+48ZnP2nkHzgjpL4kroYHg0CdqJ5cTXk+UO5znAxF5fRUkhdyfgrhh8Lzw==",
      "requires": {
        "tabbable": "^3.1.2",
        "xtend": "^4.0.1"
      }
    },
    "tabbable": {
      "version": "3.1.2",
      "resolved": "https://registry.npmjs.org/tabbable/-/tabbable-3.1.2.tgz",
      "integrity": "sha512-wjB6puVXTYO0BSFtCmWQubA/KIn7Xvajw0x0l6eJUudMG/EAiJvIUnyNX6xO4NpGrJ16lbD0eUseB9WxW0vlpQ=="
    },
    "xtend": {
      "version": "4.0.1",
      "resolved": "https://registry.npmjs.org/xtend/-/xtend-4.0.1.tgz",
      "integrity": "sha1-pcbVMr5lbiPbgg77lDofBJmNY68="
    }
  }
}
