# THIS IS AN AUTOGENERATED FILE. DO NOT EDIT THIS FILE DIRECTLY.
# yarn lockfile v1


"@material/animation@^0.41.0":
  version "0.41.0"
  resolved "https://registry.yarnpkg.com/@material/animation/-/animation-0.41.0.tgz#315b45b32e1aeebee8a4cf555b8ad52076d09ddd"
  integrity sha512-yYAwJbX3Q2AFd4dr6IYOsWLQy2HN8zWOFVl9AbUXunjzTfJCa/ecfXCriaT6qkmoNoHeTdJHRrsQJZC5GsPvzA==

"@material/base@^0.41.0":
  version "0.41.0"
  resolved "https://registry.yarnpkg.com/@material/base/-/base-0.41.0.tgz#badadce711b4c25b1eb889a5e7581e32cd07c421"
  integrity sha512-tEyzwBRu3d1H120SfKsDVYZHcqT5lKohh/7cWKR93aAaPDkSvjpKJIjyu2yuSkjpDduVZGzVocYbOvhUKhhzXQ==

"@material/button@^0.41.0":
  version "0.41.0"
  resolved "https://registry.yarnpkg.com/@material/button/-/button-0.41.0.tgz#2663f23780e777e5c9ebc8bf35e385f1edc94673"
  integrity sha512-9mA/7P8yD3YPJ8ijwu0oOiT65OCa8Km3M9OF6VAsBE+XJS9Wo5hWDMgkv16raeOFeXj+1ALsjvuTz31JdcSkgQ==
  dependencies:
    "@material/elevation" "^0.41.0"
    "@material/ripple" "^0.41.0"
    "@material/rtl" "^0.40.1"
    "@material/shape" "^0.41.0"
    "@material/theme" "^0.41.0"
    "@material/typography" "^0.41.0"

"@material/dialog@^0.41.0":
  version "0.41.0"
  resolved "https://registry.yarnpkg.com/@material/dialog/-/dialog-0.41.0.tgz#66a1531139b00770a9cd1f5c3acaf9d810a88ed3"
  integrity sha512-IhRMGTr/41/D0lhagvshCtzI4d9+ynE7FFjpQXc6GU81pHHGt0eYt5vQl3Z/DsatOCdBd+Nc3YDTyJX8OA+8CQ==
  dependencies:
    "@material/animation" "^0.41.0"
    "@material/base" "^0.41.0"
    "@material/dom" "^0.41.0"
    "@material/elevation" "^0.41.0"
    "@material/ripple" "^0.41.0"
    "@material/rtl" "^0.40.1"
    "@material/shape" "^0.41.0"
    "@material/theme" "^0.41.0"
    "@material/typography" "^0.41.0"
    focus-trap "^2.3.0"

"@material/dom@^0.41.0":
  version "0.41.0"
  resolved "https://registry.yarnpkg.com/@material/dom/-/dom-0.41.0.tgz#6756865f97bad4c91ee75e69d769d7cdc25398ae"
  integrity sha512-wOJrMwjPddYXpQFZAIaCLWI3TO/6KU1lxESTBzunni8A4FHQVWhokml5Xt85GqZwmPFeIF2s+D0wfbWyrGBuKQ==

"@material/elevation@^0.41.0":
  version "0.41.0"
  resolved "https://registry.yarnpkg.com/@material/elevation/-/elevation-0.41.0.tgz#db6b75ea43354fe35936cba2d78c55390faf4e9e"
  integrity sha512-ZtZS8z5ie9c7Cx5PVudgSorGYa0C3lu3dA+Nn6qJdhGUokl01msh54NfNuwk+EZsk65bNRRqw1Td/63TCbKIzg==
  dependencies:
    "@material/animation" "^0.41.0"
    "@material/theme" "^0.41.0"

"@material/react-button@^0.7.1":
  version "0.7.1"
  resolved "https://registry.yarnpkg.com/@material/react-button/-/react-button-0.7.1.tgz#e7655325dbaad3163f946c8c49b33a51cfed658c"
  integrity sha512-zlkU+0ti+tkBdliuwkKfBDzLlheR8z/8GJ6lz2FUChNQnAwzMaGzIp0cPuZIgp249iOOiRQhZrielxQbuSB/+w==
  dependencies:
    "@material/button" "^0.41.0"
    "@material/react-ripple" "^0.7.1"
    classnames "^2.2.5"
    prop-types "^15.6.1"
    react "^16.4.2"

"@material/react-ripple@^0.7.1":
  version "0.7.1"
  resolved "https://registry.yarnpkg.com/@material/react-ripple/-/react-ripple-0.7.1.tgz#2711be88b049f459168cde93e6e3188241186ec8"
  integrity sha512-kBn46yAr4/H053xcykPIGVQuW6LNOrzqhXvt+rXGHzs0H/0zVmv84HtfclOAn5vMsr7laBoC9c1fBt1JtiV8Rg==
  dependencies:
    "@material/ripple" "^0.41.0"
    classnames "^2.2.5"
    prop-types "^15.6.1"
    react "^16.4.2"

"@material/ripple@^0.41.0":
  version "0.41.0"
  resolved "https://registry.yarnpkg.com/@material/ripple/-/ripple-0.41.0.tgz#73dbb9bf0e1d72382926b39f2527c011e689dde2"
  integrity sha512-rxEUVWM4AByDlTCH0kkthZQmUuY6eeN0X6cOHBoioFN2vUDk0D0Nfzz/N9FF2AlAf8C2lDDLrTuqnJPVIn+NHA==
  dependencies:
    "@material/animation" "^0.41.0"
    "@material/base" "^0.41.0"
    "@material/theme" "^0.41.0"

"@material/rtl@^0.40.1":
  version "0.40.1"
  resolved "https://registry.yarnpkg.com/@material/rtl/-/rtl-0.40.1.tgz#5b0d973e3c6f8e2ea3656c06ada37ba2fedfa206"
  integrity sha512-Pk6Iw1/KrhWZoZtkDsPMDUW0bm7Z1zeXb3MTQRCFmjf1wU5cRxgOTtuoZLcJqlcKGppLAzJL/TJV3E7KEiuL0A==

"@material/shape@^0.41.0":
  version "0.41.0"
  resolved "https://registry.yarnpkg.com/@material/shape/-/shape-0.41.0.tgz#2b1cb9a9e1240965ae25a107bbd6e29ca0257583"
  integrity sha512-k1K3CjOVxclfb/0r28cOa2oJpP7QMA2fP0SOS3Vh8ale5Q2jkaHTL60KX8VkHvV6rMqShpXW+60gPjoz5XRbDQ==

"@material/theme@^0.41.0":
  version "0.41.0"
  resolved "https://registry.yarnpkg.com/@material/theme/-/theme-0.41.0.tgz#4f8252a872b17845cc661b867cbbf54e51a26759"
  integrity sha512-ohW2JxObKOWvP34EkIIcrEVtL3g0Gs/T3/MdOsM36euyshY8Jwl1f6fjVUQvVjSpixUtSb30/+ulblF8fTOwBg==

"@material/typography@^0.41.0":
  version "0.41.0"
  resolved "https://registry.yarnpkg.com/@material/typography/-/typography-0.41.0.tgz#645e0199bdba6b09d935352ab2095d07c33ec395"
  integrity sha512-15dlqSU+9uGcWdg4KXXcmDzTKJPb7/5Z9kmooONb2Laot1uiuntDXQS0yL+U2FYLW5Ros+WVMosDBKFruWx68A==

classnames@^2.2.5:
  version "2.2.6"
  resolved "https://registry.yarnpkg.com/classnames/-/classnames-2.2.6.tgz#43935bffdd291f326dad0a205309b38d00f650ce"
  integrity sha512-JR/iSQOSt+LQIWwrwEzJ9uk0xfN3mTVYMwt1Ir5mUcSN6pU+V4zQFFaJsclJbPuAUQH+yfWef6tm7l1quW3C8Q==

focus-trap@^2.3.0:
  version "2.4.6"
  resolved "https://registry.yarnpkg.com/focus-trap/-/focus-trap-2.4.6.tgz#332b475b317cec6a4a129f5307ce7ebc0da90b40"
  integrity sha512-vWZTPtBU6pBoyWZDRZJHkXsyP2ZCZBHE3DRVXnSVdQKH/mcDtu9S5Kz8CUDyIqpfZfLEyI9rjKJLnc4Y40BRBg==
  dependencies:
    tabbable "^1.0.3"

"js-tokens@^3.0.0 || ^4.0.0":
  version "4.0.0"
  resolved "https://registry.yarnpkg.com/js-tokens/-/js-tokens-4.0.0.tgz#19203fb59991df98e3a287050d4647cdeaf32499"
  integrity sha512-RdJUflcE3cUzKiMqQgsCu06FPu9UdIJO0beYbPhHN4k6apgJtifcoCtT9bcxOpYBtpD2kCM6Sbzg4CausW/PKQ==

loose-envify@^1.1.0, loose-envify@^1.3.1:
  version "1.4.0"
  resolved "https://registry.yarnpkg.com/loose-envify/-/loose-envify-1.4.0.tgz#71ee51fa7be4caec1a63839f7e682d8132d30caf"
  integrity sha512-lyuxPGr/Wfhrlem2CL/UcnUc1zcqKAImBDzukY7Y5F/yQiNdko6+fRLevlw1HgMySw7f611UIY408EtxRSoK3Q==
  dependencies:
    js-tokens "^3.0.0 || ^4.0.0"

object-assign@^4.1.1:
  version "4.1.1"
  resolved "https://registry.yarnpkg.com/object-assign/-/object-assign-4.1.1.tgz#2109adc7965887cfc05cbbd442cac8bfbb360863"
  integrity sha1-IQmtx5ZYh8/AXLvUQsrIv7s2CGM=

prop-types@^15.6.1, prop-types@^15.6.2:
  version "15.6.2"
  resolved "https://registry.yarnpkg.com/prop-types/-/prop-types-15.6.2.tgz#05d5ca77b4453e985d60fc7ff8c859094a497102"
  integrity sha512-3pboPvLiWD7dkI3qf3KbUe6hKFKa52w+AE0VCqECtf+QHAKgOL37tTaNCnuX1nAAQ4ZhyP+kYVKf8rLmJ/feDQ==
  dependencies:
    loose-envify "^1.3.1"
    object-assign "^4.1.1"

react@^16.4.2:
  version "16.6.3"
  resolved "https://registry.yarnpkg.com/react/-/react-16.6.3.tgz#25d77c91911d6bbdd23db41e70fb094cc1e0871c"
  integrity sha512-zCvmH2vbEolgKxtqXL2wmGCUxUyNheYn/C+PD1YAjfxHC54+MhdruyhO7QieQrYsYeTxrn93PM2y0jRH1zEExw==
  dependencies:
    loose-envify "^1.1.0"
    object-assign "^4.1.1"
    prop-types "^15.6.2"
    scheduler "^0.11.2"

scheduler@^0.11.2:
  version "0.11.3"
  resolved "https://registry.yarnpkg.com/scheduler/-/scheduler-0.11.3.tgz#b5769b90cf8b1464f3f3cfcafe8e3cd7555a2d6b"
  integrity sha512-i9X9VRRVZDd3xZw10NY5Z2cVMbdYg6gqFecfj79USv1CFN+YrJ3gIPRKf1qlY+Sxly4djoKdfx1T+m9dnRB8kQ==
  dependencies:
    loose-envify "^1.1.0"
    object-assign "^4.1.1"

tabbable@^1.0.3:
  version "1.1.3"
  resolved "https://registry.yarnpkg.com/tabbable/-/tabbable-1.1.3.tgz#0e4ee376f3631e42d7977a074dbd2b3827843081"
  integrity sha512-nOWwx35/JuDI4ONuF0ZTo6lYvI0fY0tZCH1ErzY2EXfu4az50ZyiUX8X073FLiZtmWUVlkRnuXsehjJgCw9tYg==
